
Microsoft Visual Studio Solution File, Format Version 12.00
# Visual Studio Version 17
VisualStudioVersion = 17.2.32630.192
MinimumVisualStudioVersion = 10.0.40219.1
Project("{FAE04EC0-301F-11D3-BF4B-00C04F79EFBC}") = "TaskForApp", "TaskForApp\TaskForApp.csproj", "{8BDAF10B-10CF-48E5-996E-15F9E7BE990E}"
EndProject
Global
	GlobalSection(SolutionConfigurationPlatforms) = preSolution
		Debug|Any CPU = Debug|Any CPU
		Release|Any CPU = Release|Any CPU
	EndGlobalSection
	GlobalSection(ProjectConfigurationPlatforms) = postSolution
		{8BDAF10B-10CF-48E5-996E-15F9E7BE990E}.Debug|Any CPU.ActiveCfg = Debug|Any CPU
		{8BDAF10B-10CF-48E5-996E-15F9E7BE990E}.Debug|Any CPU.Build.0 = Debug|Any CPU
		{8BDAF10B-10CF-48E5-996E-15F9E7BE990E}.Release|Any CPU.ActiveCfg = Release|Any CPU
		{8BDAF10B-10CF-48E5-996E-15F9E7BE990E}.Release|Any CPU.Build.0 = Release|Any CPU
	EndGlobalSection
	GlobalSection(SolutionProperties) = preSolution
		HideSolutionNode = FALSE
	EndGlobalSection
	GlobalSection(ExtensibilityGlobals) = postSolution
		SolutionGuid = {BEA8327E-1647-43CE-81ED-DB64CDDC089C}
	EndGlobalSection
EndGlobal
